
Microsoft Visual Studio Solution File, Format Version 12.00
# Visual Studio Version 17
VisualStudioVersion = 17.0.31717.71
MinimumVisualStudioVersion = 10.0.40219.1
Project("{9A19103F-16F7-4668-BE54-9A1E7A4F7556}") = "Oefening1_menus", "Oefening1_menus.csproj", "{7EAB284B-0712-40CA-8AE8-542F6BA27F04}"
EndProject
Project("{9A19103F-16F7-4668-BE54-9A1E7A4F7556}") = "Oefening2_GemiddeldeMDI", "..\Oefening2_GemiddeldeMDI\Oefening2_GemiddeldeMDI.csproj", "{0A4D7626-427B-4D8E-BF68-4D0B52DE7F1D}"
EndProject
Project("{FAE04EC0-301F-11D3-BF4B-00C04F79EFBC}") = "Oefening3_Kleuren", "..\Oefening3_Kleuren\Oefening3_Kleuren.csproj", "{007B29D0-E404-4D53-9B94-C513EE41084A}"
EndProject
Global
	GlobalSection(SolutionConfigurationPlatforms) = preSolution
		Debug|Any CPU = Debug|Any CPU
		Release|Any CPU = Release|Any CPU
	EndGlobalSection
	GlobalSection(ProjectConfigurationPlatforms) = postSolution
		{7EAB284B-0712-40CA-8AE8-542F6BA27F04}.Debug|Any CPU.ActiveCfg = Debug|Any CPU
		{7EAB284B-0712-40CA-8AE8-542F6BA27F04}.Debug|Any CPU.Build.0 = Debug|Any CPU
		{7EAB284B-0712-40CA-8AE8-542F6BA27F04}.Release|Any CPU.ActiveCfg = Release|Any CPU
		{7EAB284B-0712-40CA-8AE8-542F6BA27F04}.Release|Any CPU.Build.0 = Release|Any CPU
		{0A4D7626-427B-4D8E-BF68-4D0B52DE7F1D}.Debug|Any CPU.ActiveCfg = Debug|Any CPU
		{0A4D7626-427B-4D8E-BF68-4D0B52DE7F1D}.Debug|Any CPU.Build.0 = Debug|Any CPU
		{0A4D7626-427B-4D8E-BF68-4D0B52DE7F1D}.Release|Any CPU.ActiveCfg = Release|Any CPU
		{0A4D7626-427B-4D8E-BF68-4D0B52DE7F1D}.Release|Any CPU.Build.0 = Release|Any CPU
		{007B29D0-E404-4D53-9B94-C513EE41084A}.Debug|Any CPU.ActiveCfg = Debug|Any CPU
		{007B29D0-E404-4D53-9B94-C513EE41084A}.Debug|Any CPU.Build.0 = Debug|Any CPU
		{007B29D0-E404-4D53-9B94-C513EE41084A}.Release|Any CPU.ActiveCfg = Release|Any CPU
		{007B29D0-E404-4D53-9B94-C513EE41084A}.Release|Any CPU.Build.0 = Release|Any CPU
	EndGlobalSection
	GlobalSection(SolutionProperties) = preSolution
		HideSolutionNode = FALSE
	EndGlobalSection
	GlobalSection(ExtensibilityGlobals) = postSolution
		SolutionGuid = {F7FDCE68-A76E-4BCD-A28C-F5073E769227}
	EndGlobalSection
EndGlobal
